
Microsoft Visual Studio Solution File, Format Version 12.00
# Visual Studio Version 17
VisualStudioVersion = 17.2.32602.215
MinimumVisualStudioVersion = 10.0.40219.1
Project("{9A19103F-16F7-4668-BE54-9A1E7A4F7556}") = "Raideen.OfficeHours.Storage.PublicApi", "Raideen.OfficeHours.Storage.PublicApi\Raideen.OfficeHours.Storage.PublicApi.csproj", "{9608031F-CAB6-4902-AEA3-2F4F7B4D17A0}"
EndProject
Project("{FAE04EC0-301F-11D3-BF4B-00C04F79EFBC}") = "Raideen.OfficeHours.Stroage.PublicApi.UnitTest", "Raideen.OfficeHours.Storage.PublicApi.UnitTest\Raideen.OfficeHours.Storage.PublicApi.UnitTest.csproj", "{653AC9C6-4F8B-4E21-9FD7-426CEAD05A70}"
EndProject
Global
	GlobalSection(SolutionConfigurationPlatforms) = preSolution
		Debug|Any CPU = Debug|Any CPU
		Release|Any CPU = Release|Any CPU
	EndGlobalSection
	GlobalSection(ProjectConfigurationPlatforms) = postSolution
		{9608031F-CAB6-4902-AEA3-2F4F7B4D17A0}.Debug|Any CPU.ActiveCfg = Debug|Any CPU
		{9608031F-CAB6-4902-AEA3-2F4F7B4D17A0}.Debug|Any CPU.Build.0 = Debug|Any CPU
		{9608031F-CAB6-4902-AEA3-2F4F7B4D17A0}.Release|Any CPU.ActiveCfg = Release|Any CPU
		{9608031F-CAB6-4902-AEA3-2F4F7B4D17A0}.Release|Any CPU.Build.0 = Release|Any CPU
		{653AC9C6-4F8B-4E21-9FD7-426CEAD05A70}.Debug|Any CPU.ActiveCfg = Debug|Any CPU
		{653AC9C6-4F8B-4E21-9FD7-426CEAD05A70}.Debug|Any CPU.Build.0 = Debug|Any CPU
		{653AC9C6-4F8B-4E21-9FD7-426CEAD05A70}.Release|Any CPU.ActiveCfg = Release|Any CPU
		{653AC9C6-4F8B-4E21-9FD7-426CEAD05A70}.Release|Any CPU.Build.0 = Release|Any CPU
	EndGlobalSection
	GlobalSection(SolutionProperties) = preSolution
		HideSolutionNode = FALSE
	EndGlobalSection
	GlobalSection(ExtensibilityGlobals) = postSolution
		SolutionGuid = {FB71809F-3A18-4076-8ED8-D8A806FBF77C}
	EndGlobalSection
EndGlobal
